
Microsoft Visual Studio Solution File, Format Version 12.00
# Visual Studio Version 16
VisualStudioVersion = 16.0.31025.194
MinimumVisualStudioVersion = 10.0.40219.1
Project("{FAE04EC0-301F-11D3-BF4B-00C04F79EFBC}") = "Trip", "Trip\Trip.csproj", "{7AF01F08-39EE-4330-8F4E-2103B485F83D}"
EndProject
Project("{E53339B2-1760-4266-BCC7-CA923CBCF16C}") = "docker-compose", "docker-compose.dcproj", "{14985B75-F8C5-413C-B5D1-D8C1B029499D}"
EndProject
Global
	GlobalSection(SolutionConfigurationPlatforms) = preSolution
		Debug|Any CPU = Debug|Any CPU
		Release|Any CPU = Release|Any CPU
	EndGlobalSection
	GlobalSection(ProjectConfigurationPlatforms) = postSolution
		{7AF01F08-39EE-4330-8F4E-2103B485F83D}.Debug|Any CPU.ActiveCfg = Debug|Any CPU
		{7AF01F08-39EE-4330-8F4E-2103B485F83D}.Debug|Any CPU.Build.0 = Debug|Any CPU
		{7AF01F08-39EE-4330-8F4E-2103B485F83D}.Release|Any CPU.ActiveCfg = Release|Any CPU
		{7AF01F08-39EE-4330-8F4E-2103B485F83D}.Release|Any CPU.Build.0 = Release|Any CPU
		{14985B75-F8C5-413C-B5D1-D8C1B029499D}.Debug|Any CPU.ActiveCfg = Debug|Any CPU
		{14985B75-F8C5-413C-B5D1-D8C1B029499D}.Debug|Any CPU.Build.0 = Debug|Any CPU
		{14985B75-F8C5-413C-B5D1-D8C1B029499D}.Release|Any CPU.ActiveCfg = Release|Any CPU
		{14985B75-F8C5-413C-B5D1-D8C1B029499D}.Release|Any CPU.Build.0 = Release|Any CPU
	EndGlobalSection
	GlobalSection(SolutionProperties) = preSolution
		HideSolutionNode = FALSE
	EndGlobalSection
	GlobalSection(ExtensibilityGlobals) = postSolution
		SolutionGuid = {24305A30-714A-4F8A-A3B8-FEBC6198F63F}
	EndGlobalSection
EndGlobal
